
Microsoft Visual Studio Solution File, Format Version 12.00
# Visual Studio Version 17
VisualStudioVersion = 17.11.35219.272
MinimumVisualStudioVersion = 10.0.40219.1
Project("{FAE04EC0-301F-11D3-BF4B-00C04F79EFBC}") = "AvaloniaApplication1", "AvaloniaApplication1\AvaloniaApplication1.csproj", "{E4433ED5-B9CF-4E24-90C9-9B1163AAEB05}"
EndProject
Global
	GlobalSection(SolutionConfigurationPlatforms) = preSolution
		Debug|Any CPU = Debug|Any CPU
		Release|Any CPU = Release|Any CPU
	EndGlobalSection
	GlobalSection(ProjectConfigurationPlatforms) = postSolution
		{E4433ED5-B9CF-4E24-90C9-9B1163AAEB05}.Debug|Any CPU.ActiveCfg = Debug|Any CPU
		{E4433ED5-B9CF-4E24-90C9-9B1163AAEB05}.Debug|Any CPU.Build.0 = Debug|Any CPU
		{E4433ED5-B9CF-4E24-90C9-9B1163AAEB05}.Release|Any CPU.ActiveCfg = Release|Any CPU
		{E4433ED5-B9CF-4E24-90C9-9B1163AAEB05}.Release|Any CPU.Build.0 = Release|Any CPU
	EndGlobalSection
	GlobalSection(SolutionProperties) = preSolution
		HideSolutionNode = FALSE
	EndGlobalSection
	GlobalSection(ExtensibilityGlobals) = postSolution
		SolutionGuid = {F946068B-0D76-4001-BF56-FEE5C17A9F1D}
	EndGlobalSection
EndGlobal
